PODS:
  - SDWebImage (3.8.1):
    - SDWebImage/Core (= 3.8.1)
  - SDWebImage/Core (3.8.1)
  - TPKeyboardAvoiding (1.3)

DEPENDENCIES:
  - SDWebImage
  - TPKeyboardAvoiding

SPEC CHECKSUMS:
  SDWebImage: 35f9627a3e44b4f292a8a8ce6a531fa488239b91
  TPKeyboardAvoiding: a5138f318c06fb3e151f886e18ce4a72695d9cbe

PODFILE CHECKSUM: 8a5fa724cdb739bd5f40e477fed3769c0dfc1687

COCOAPODS: 1.0.1
